// !$*UTF8*$!
{
	archiveVersion = 1;
	classes = {
	};
	objectVersion = 48;
	objects = {

/* Begin PBXBuildFile section */
		B5C82E4E16AC2B8E5C1A3A35 /* Pods_Twitter_login_demo.framework in Frameworks */ = {isa = PBXBuildFile; fileRef = 7F3410CABE55F937AE735810 /* Pods_Twitter_login_demo.framework */; };
		C15872131F7B11DE0048001E /* AppDelegate.swift in Sources */ = {isa = PBXBuildFile; fileRef = C15872121F7B11DE0048001E /* AppDelegate.swift */; };
		C15872151F7B11DE0048001E /* ViewController.swift in Sources */ = {isa = PBXBuildFile; fileRef = C15872141F7B11DE0048001E /* ViewController.swift */; };
		C15872181F7B11DE0048001E /* Main.storyboard in Resources */ = {isa = PBXBuildFile; fileRef = C15872161F7B11DE0048001E /* Main.storyboard */; };
		C158721A1F7B11DE0048001E /* Assets.xcassets in Resources */ = {isa = PBXBuildFile; fileRef = C15872191F7B11DE0048001E /* Assets.xcassets */; };
		C158721D1F7B11DE0048001E /* LaunchScreen.storyboard in Resources */ = {isa = PBXBuildFile; fileRef = C158721B1F7B11DE0048001E /* LaunchScreen.storyboard */; };
		C15872251F7B15A40048001E /* LoginViewController.swift in Sources */ = {isa = PBXBuildFile; fileRef = C15872241F7B15A40048001E /* LoginViewController.swift */; };
		C17C60171F7DA89F00C2CAD6 /* User.swift in Sources */ = {isa = PBXBuildFile; fileRef = C17C60161F7DA89F00C2CAD6 /* User.swift */; };
		C17C60191F7DA8AA00C2CAD6 /* Tweet.swift in Sources */ = {isa = PBXBuildFile; fileRef = C17C60181F7DA8AA00C2CAD6 /* Tweet.swift */; };
		C17C601B1F7DB30700C2CAD6 /* TwitterClient.swift in Sources */ = {isa = PBXBuildFile; fileRef = C17C601A1F7DB30700C2CAD6 /* TwitterClient.swift */; };
		C1982E831F7ED0450091AC46 /* TweetCell.swift in Sources */ = {isa = PBXBuildFile; fileRef = C1982E821F7ED0450091AC46 /* TweetCell.swift */; };
		C1982E851F7F0FA90091AC46 /* ComposeViewController.swift in Sources */ = {isa = PBXBuildFile; fileRef = C1982E841F7F0FA90091AC46 /* ComposeViewController.swift */; };
		C1A6D9861F805F3200A3586B /* TweetDetailViewController.swift in Sources */ = {isa = PBXBuildFile; fileRef = C1A6D9851F805F3200A3586B /* TweetDetailViewController.swift */; };
		D064386B1F7E019900BD0645 /* TweetsViewController.swift in Sources */ = {isa = PBXBuildFile; fileRef = D064386A1F7E019900BD0645 /* TweetsViewController.swift */; };
/* End PBXBuildFile section */

/* Begin PBXFileReference section */
		37052BD4911CB361E008A5B2 /* Pods-Twitter_login_demo.debug.xcconfig */ = {isa = PBXFileReference; includeInIndex = 1; lastKnownFileType = text.xcconfig; name = "Pods-Twitter_login_demo.debug.xcconfig"; path = "Pods/Target Support Files/Pods-Twitter_login_demo/Pods-Twitter_login_demo.debug.xcconfig"; sourceTree = "<group>"; };
		47F233A17C275811278400F1 /* Pods-Twitter_login_demo.release.xcconfig */ = {isa = PBXFileReference; includeInIndex = 1; lastKnownFileType = text.xcconfig; name = "Pods-Twitter_login_demo.release.xcconfig"; path = "Pods/Target Support Files/Pods-Twitter_login_demo/Pods-Twitter_login_demo.release.xcconfig"; sourceTree = "<group>"; };
		7F3410CABE55F937AE735810 /* Pods_Twitter_login_demo.framework */ = {isa = PBXFileReference; explicitFileType = wrapper.framework; includeInIndex = 0; path = Pods_Twitter_login_demo.framework; sourceTree = BUILT_PRODUCTS_DIR; };
		C158720F1F7B11DE0048001E /* Twitter_login_demo.app */ = {isa = PBXFileReference; explicitFileType = wrapper.application; includeInIndex = 0; path = Twitter_login_demo.app; sourceTree = BUILT_PRODUCTS_DIR; };
		C15872121F7B11DE0048001E /* AppDelegate.swift */ = {isa = PBXFileReference; lastKnownFileType = sourcecode.swift; path = AppDelegate.swift; sourceTree = "<group>"; };
		C15872141F7B11DE0048001E /* ViewController.swift */ = {isa = PBXFileReference; lastKnownFileType = sourcecode.swift; path = ViewController.swift; sourceTree = "<group>"; };
		C15872171F7B11DE0048001E /* Base */ = {isa = PBXFileReference; lastKnownFileType = file.storyboard; name = Base; path = Base.lproj/Main.storyboard; sourceTree = "<group>"; };
		C15872191F7B11DE0048001E /* Assets.xcassets */ = {isa = PBXFileReference; lastKnownFileType = folder.assetcatalog; path = Assets.xcassets; sourceTree = "<group>"; };
		C158721C1F7B11DE0048001E /* Base */ = {isa = PBXFileReference; lastKnownFileType = file.storyboard; name = Base; path = Base.lproj/LaunchScreen.storyboard; sourceTree = "<group>"; };
		C158721E1F7B11DE0048001E /* Info.plist */ = {isa = PBXFileReference; lastKnownFileType = text.plist.xml; path = Info.plist; sourceTree = "<group>"; };
		C15872241F7B15A40048001E /* LoginViewController.swift */ = {isa = PBXFileReference; lastKnownFileType = sourcecode.swift; path = LoginViewController.swift; sourceTree = "<group>"; };
		C17C60161F7DA89F00C2CAD6 /* User.swift */ = {isa = PBXFileReference; lastKnownFileType = sourcecode.swift; path = User.swift; sourceTree = "<group>"; };
		C17C60181F7DA8AA00C2CAD6 /* Tweet.swift */ = {isa = PBXFileReference; lastKnownFileType = sourcecode.swift; path = Tweet.swift; sourceTree = "<group>"; };
		C17C601A1F7DB30700C2CAD6 /* TwitterClient.swift */ = {isa = PBXFileReference; lastKnownFileType = sourcecode.swift; path = TwitterClient.swift; sourceTree = "<group>"; };
		C1982E821F7ED0450091AC46 /* TweetCell.swift */ = {isa = PBXFileReference; lastKnownFileType = sourcecode.swift; path = TweetCell.swift; sourceTree = "<group>"; };
		C1982E841F7F0FA90091AC46 /* ComposeViewController.swift */ = {isa = PBXFileReference; lastKnownFileType = sourcecode.swift; path = ComposeViewController.swift; sourceTree = "<group>"; };
		C1A6D9851F805F3200A3586B /* TweetDetailViewController.swift */ = {isa = PBXFileReference; lastKnownFileType = sourcecode.swift; path = TweetDetailViewController.swift; sourceTree = "<group>"; };
		D064386A1F7E019900BD0645 /* TweetsViewController.swift */ = {isa = PBXFileReference; fileEncoding = 4; lastKnownFileType = sourcecode.swift; path = TweetsViewController.swift; sourceTree = "<group>"; };
/* End PBXFileReference section */

/* Begin PBXFrameworksBuildPhase section */
		C158720C1F7B11DE0048001E /* Frameworks */ = {
			isa = PBXFrameworksBuildPhase;
			buildActionMask = 2147483647;
			files = (
				B5C82E4E16AC2B8E5C1A3A35 /* Pods_Twitter_login_demo.framework in Frameworks */,
			);
			runOnlyForDeploymentPostprocessing = 0;
		};
/* End PBXFrameworksBuildPhase section */

/* Begin PBXGroup section */
		5EE79A0649A914CEEDCC4990 /* Pods */ = {
			isa = PBXGroup;
			children = (
				37052BD4911CB361E008A5B2 /* Pods-Twitter_login_demo.debug.xcconfig */,
				47F233A17C275811278400F1 /* Pods-Twitter_login_demo.release.xcconfig */,
			);
			name = Pods;
			sourceTree = "<group>";
		};
		73D682FBDDB3C9F550789C1A /* Frameworks */ = {
			isa = PBXGroup;
			children = (
				7F3410CABE55F937AE735810 /* Pods_Twitter_login_demo.framework */,
			);
			name = Frameworks;
			sourceTree = "<group>";
		};
		C15872061F7B11DE0048001E = {
			isa = PBXGroup;
			children = (
				C15872111F7B11DE0048001E /* Twitter_login_demo */,
				C15872101F7B11DE0048001E /* Products */,
				5EE79A0649A914CEEDCC4990 /* Pods */,
				73D682FBDDB3C9F550789C1A /* Frameworks */,
			);
			sourceTree = "<group>";
		};
		C15872101F7B11DE0048001E /* Products */ = {
			isa = PBXGroup;
			children = (
				C158720F1F7B11DE0048001E /* Twitter_login_demo.app */,
			);
			name = Products;
			sourceTree = "<group>";
		};
		C15872111F7B11DE0048001E /* Twitter_login_demo */ = {
			isa = PBXGroup;
			children = (
				C1982E7F1F7ECC200091AC46 /* Views */,
				C158D5871F7DA80B006756B5 /* API */,
				C158D5861F7DA7F4006756B5 /* view  controllers */,
				C158D5851F7DA7E9006756B5 /* models */,
				C15872121F7B11DE0048001E /* AppDelegate.swift */,
				C15872161F7B11DE0048001E /* Main.storyboard */,
				C15872191F7B11DE0048001E /* Assets.xcassets */,
				C158721B1F7B11DE0048001E /* LaunchScreen.storyboard */,
				C158721E1F7B11DE0048001E /* Info.plist */,
			);
			path = Twitter_login_demo;
			sourceTree = "<group>";
		};
		C158D5851F7DA7E9006756B5 /* models */ = {
			isa = PBXGroup;
			children = (
				C17C60161F7DA89F00C2CAD6 /* User.swift */,
				C17C60181F7DA8AA00C2CAD6 /* Tweet.swift */,
			);
			path = models;
			sourceTree = "<group>";
		};
		C158D5861F7DA7F4006756B5 /* view  controllers */ = {
			isa = PBXGroup;
			children = (
				C15872141F7B11DE0048001E /* ViewController.swift */,
				C15872241F7B15A40048001E /* LoginViewController.swift */,
				D064386A1F7E019900BD0645 /* TweetsViewController.swift */,
				C1982E841F7F0FA90091AC46 /* ComposeViewController.swift */,
				C1A6D9851F805F3200A3586B /* TweetDetailViewController.swift */,
			);
			path = "view  controllers";
			sourceTree = "<group>";
		};
		C158D5871F7DA80B006756B5 /* API */ = {
			isa = PBXGroup;
			children = (
				C17C601A1F7DB30700C2CAD6 /* TwitterClient.swift */,
			);
			path = API;
			sourceTree = "<group>";
		};
		C1982E7F1F7ECC200091AC46 /* Views */ = {
			isa = PBXGroup;
			children = (
				C1982E821F7ED0450091AC46 /* TweetCell.swift */,
			);
			path = Views;
			sourceTree = "<group>";
		};
/* End PBXGroup section */

/* Begin PBXNativeTarget section */
		C158720E1F7B11DE0048001E /* Twitter_login_demo */ = {
			isa = PBXNativeTarget;
			buildConfigurationList = C15872211F7B11DE0048001E /* Build configuration list for PBXNativeTarget "Twitter_login_demo" */;
			buildPhases = (
				5CDF725EF745268FDE1FAA4A /* [CP] Check Pods Manifest.lock */,
				C158720B1F7B11DE0048001E /* Sources */,
				C158720C1F7B11DE0048001E /* Frameworks */,
				C158720D1F7B11DE0048001E /* Resources */,
				04A55C19CA4852A1372C0BB8 /* [CP] Embed Pods Frameworks */,
				ECD945829D5AEBD1E0E62496 /* [CP] Copy Pods Resources */,
			);
			buildRules = (
			);
			dependencies = (
			);
			name = Twitter_login_demo;
			productName = Twitter_login_demo;
			productReference = C158720F1F7B11DE0048001E /* Twitter_login_demo.app */;
			productType = "com.apple.product-type.application";
		};
/* End PBXNativeTarget section */

/* Begin PBXProject section */
		C15872071F7B11DE0048001E /* Project object */ = {
			isa = PBXProject;
			attributes = {
				LastSwiftUpdateCheck = 0900;
				LastUpgradeCheck = 0900;
				ORGANIZATIONNAME = "Justin Sumner";
				TargetAttributes = {
					C158720E1F7B11DE0048001E = {
						CreatedOnToolsVersion = 9.0;
						ProvisioningStyle = Automatic;
					};
				};
			};
			buildConfigurationList = C158720A1F7B11DE0048001E /* Build configuration list for PBXProject "Twitter_login_demo" */;
			compatibilityVersion = "Xcode 8.0";
			developmentRegion = en;
			hasScannedForEncodings = 0;
			knownRegions = (
				en,
				Base,
			);
			mainGroup = C15872061F7B11DE0048001E;
			productRefGroup = C15872101F7B11DE0048001E /* Products */;
			projectDirPath = "";
			projectRoot = "";
			targets = (
				C158720E1F7B11DE0048001E /* Twitter_login_demo */,
			);
		};
/* End PBXProject section */

/* Begin PBXResourcesBuildPhase section */
		C158720D1F7B11DE0048001E /* Resources */ = {
			isa = PBXResourcesBuildPhase;
			buildActionMask = 2147483647;
			files = (
				C158721D1F7B11DE0048001E /* LaunchScreen.storyboard in Resources */,
				C158721A1F7B11DE0048001E /* Assets.xcassets in Resources */,
				C15872181F7B11DE0048001E /* Main.storyboard in Resources */,
			);
			runOnlyForDeploymentPostprocessing = 0;
		};
/* End PBXResourcesBuildPhase section */

/* Begin PBXShellScriptBuildPhase section */
		04A55C19CA4852A1372C0BB8 /* [CP] Embed Pods Frameworks */ = {
			isa = PBXShellScriptBuildPhase;
			buildActionMask = 2147483647;
			files = (
			);
			inputPaths = (
				"${SRCROOT}/Pods/Target Support Files/Pods-Twitter_login_demo/Pods-Twitter_login_demo-frameworks.sh",
				"${BUILT_PRODUCTS_DIR}/AFNetworking/AFNetworking.framework",
				"${BUILT_PRODUCTS_DIR}/BDBOAuth1Manager/BDBOAuth1Manager.framework",
			);
			name = "[CP] Embed Pods Frameworks";
			outputPaths = (
				"${TARGET_BUILD_DIR}/${FRAMEWORKS_FOLDER_PATH}/AFNetworking.framework",
				"${TARGET_BUILD_DIR}/${FRAMEWORKS_FOLDER_PATH}/BDBOAuth1Manager.framework",
			);
			runOnlyForDeploymentPostprocessing = 0;
			shellPath = /bin/sh;
			shellScript = "\"${SRCROOT}/Pods/Target Support Files/Pods-Twitter_login_demo/Pods-Twitter_login_demo-frameworks.sh\"\n";
			showEnvVarsInLog = 0;
		};
		5CDF725EF745268FDE1FAA4A /* [CP] Check Pods Manifest.lock */ = {
			isa = PBXShellScriptBuildPhase;
			buildActionMask = 2147483647;
			files = (
			);
			inputPaths = (
				"${PODS_PODFILE_DIR_PATH}/Podfile.lock",
				"${PODS_ROOT}/Manifest.lock",
			);
			name = "[CP] Check Pods Manifest.lock";
			outputPaths = (
				"$(DERIVED_FILE_DIR)/Pods-Twitter_login_demo-checkManifestLockResult.txt",
			);
			runOnlyForDeploymentPostprocessing = 0;
			shellPath = /bin/sh;
			shellScript = "diff \"${PODS_PODFILE_DIR_PATH}/Podfile.lock\" \"${PODS_ROOT}/Manifest.lock\" > /dev/null\nif [ $? != 0 ] ; then\n    # print error to STDERR\n    echo \"error: The sandbox is not in sync with the Podfile.lock. Run 'pod install' or update your CocoaPods installation.\" >&2\n    exit 1\nfi\n# This output is used by Xcode 'outputs' to avoid re-running this script phase.\necho \"SUCCESS\" > \"${SCRIPT_OUTPUT_FILE_0}\"\n";
			showEnvVarsInLog = 0;
		};
		ECD945829D5AEBD1E0E62496 /* [CP] Copy Pods Resources */ = {
			isa = PBXShellScriptBuildPhase;
			buildActionMask = 2147483647;
			files = (
			);
			inputPaths = (
			);
			name = "[CP] Copy Pods Resources";
			outputPaths = (
			);
			runOnlyForDeploymentPostprocessing = 0;
			shellPath = /bin/sh;
			shellScript = "\"${SRCROOT}/Pods/Target Support Files/Pods-Twitter_login_demo/Pods-Twitter_login_demo-resources.sh\"\n";
			showEnvVarsInLog = 0;
		};
/* End PBXShellScriptBuildPhase section */

/* Begin PBXSourcesBuildPhase section */
		C158720B1F7B11DE0048001E /* Sources */ = {
			isa = PBXSourcesBuildPhase;
			buildActionMask = 2147483647;
			files = (
				C1982E851F7F0FA90091AC46 /* ComposeViewController.swift in Sources */,
				C17C60171F7DA89F00C2CAD6 /* User.swift in Sources */,
				C17C60191F7DA8AA00C2CAD6 /* Tweet.swift in Sources */,
				C15872251F7B15A40048001E /* LoginViewController.swift in Sources */,
				C1982E831F7ED0450091AC46 /* TweetCell.swift in Sources */,
				C15872151F7B11DE0048001E /* ViewController.swift in Sources */,
				D064386B1F7E019900BD0645 /* TweetsViewController.swift in Sources */,
				C17C601B1F7DB30700C2CAD6 /* TwitterClient.swift in Sources */,
				C15872131F7B11DE0048001E /* AppDelegate.swift in Sources */,
				C1A6D9861F805F3200A3586B /* TweetDetailViewController.swift in Sources */,
			);
			runOnlyForDeploymentPostprocessing = 0;
		};
/* End PBXSourcesBuildPhase section */

/* Begin PBXVariantGroup section */
		C15872161F7B11DE0048001E /* Main.storyboard */ = {
			isa = PBXVariantGroup;
			children = (
				C15872171F7B11DE0048001E /* Base */,
			);
			name = Main.storyboard;
			sourceTree = "<group>";
		};
		C158721B1F7B11DE0048001E /* LaunchScreen.storyboard */ = {
			isa = PBXVariantGroup;
			children = (
				C158721C1F7B11DE0048001E /* Base */,
			);
			name = LaunchScreen.storyboard;
			sourceTree = "<group>";
		};
/* End PBXVariantGroup section */

/* Begin XCBuildConfiguration section */
		C158721F1F7B11DE0048001E /* Debug */ = {
			isa = XCBuildConfiguration;
			buildSettings = {
				ALWAYS_SEARCH_USER_PATHS = NO;
				CLANG_ANALYZER_NONNULL = YES;
				CLANG_ANALYZER_NUMBER_OBJECT_CONVERSION = YES_AGGRESSIVE;
				CLANG_CXX_LANGUAGE_STANDARD = "gnu++14";
				CLANG_CXX_LIBRARY = "libc++";
				CLANG_ENABLE_MODULES = YES;
				CLANG_ENABLE_OBJC_ARC = YES;
				CLANG_WARN_BLOCK_CAPTURE_AUTORELEASING = YES;
				CLANG_WARN_BOOL_CONVERSION = YES;
				CLANG_WARN_COMMA = YES;
				CLANG_WARN_CONSTANT_CONVERSION = YES;
				CLANG_WARN_DIRECT_OBJC_ISA_USAGE = YES_ERROR;
				CLANG_WARN_DOCUMENTATION_COMMENTS = YES;
				CLANG_WARN_EMPTY_BODY = YES;
				CLANG_WARN_ENUM_CONVERSION = YES;
				CLANG_WARN_INFINITE_RECURSION = YES;
				CLANG_WARN_INT_CONVERSION = YES;
				CLANG_WARN_NON_LITERAL_NULL_CONVERSION = YES;
				CLANG_WARN_OBJC_LITERAL_CONVERSION = YES;
				CLANG_WARN_OBJC_ROOT_CLASS = YES_ERROR;
				CLANG_WARN_RANGE_LOOP_ANALYSIS = YES;
				CLANG_WARN_STRICT_PROTOTYPES = YES;
				CLANG_WARN_SUSPICIOUS_MOVE = YES;
				CLANG_WARN_UNGUARDED_AVAILABILITY = YES_AGGRESSIVE;
				CLANG_WARN_UNREACHABLE_CODE = YES;
				CLANG_WARN__DUPLICATE_METHOD_MATCH = YES;
				CODE_SIGN_IDENTITY = "iPhone Developer";
				COPY_PHASE_STRIP = NO;
				DEBUG_INFORMATION_FORMAT = dwarf;
				ENABLE_STRICT_OBJC_MSGSEND = YES;
				ENABLE_TESTABILITY = YES;
				GCC_C_LANGUAGE_STANDARD = gnu11;
				GCC_DYNAMIC_NO_PIC = NO;
				GCC_NO_COMMON_BLOCKS = YES;
				GCC_OPTIMIZATION_LEVEL = 0;
				GCC_PREPROCESSOR_DEFINITIONS = (
					"DEBUG=1",
					"$(inherited)",
				);
				GCC_WARN_64_TO_32_BIT_CONVERSION = YES;
				GCC_WARN_ABOUT_RETURN_TYPE = YES_ERROR;
				GCC_WARN_UNDECLARED_SELECTOR = YES;
				GCC_WARN_UNINITIALIZED_AUTOS = YES_AGGRESSIVE;
				GCC_WARN_UNUSED_FUNCTION = YES;
				GCC_WARN_UNUSED_VARIABLE = YES;
				IPHONEOS_DEPLOYMENT_TARGET = 11.0;
				MTL_ENABLE_DEBUG_INFO = YES;
				ONLY_ACTIVE_ARCH = YES;
				SDKROOT = iphoneos;
				SWIFT_ACTIVE_COMPILATION_CONDITIONS = DEBUG;
				SWIFT_OPTIMIZATION_LEVEL = "-Onone";
			};
			name = Debug;
		};
		C15872201F7B11DE0048001E /* Release */ = {
			isa = XCBuildConfiguration;
			buildSettings = {
				ALWAYS_SEARCH_USER_PATHS = NO;
				CLANG_ANALYZER_NONNULL = YES;
				CLANG_ANALYZER_NUMBER_OBJECT_CONVERSION = YES_AGGRESSIVE;
				CLANG_CXX_LANGUAGE_STANDARD = "gnu++14";
				CLANG_CXX_LIBRARY = "libc++";
				CLANG_ENABLE_MODULES = YES;
				CLANG_ENABLE_OBJC_ARC = YES;
				CLANG_WARN_BLOCK_CAPTURE_AUTORELEASING = YES;
				CLANG_WARN_BOOL_CONVERSION = YES;
				CLANG_WARN_COMMA = YES;
				CLANG_WARN_CONSTANT_CONVERSION = YES;
				CLANG_WARN_DIRECT_OBJC_ISA_USAGE = YES_ERROR;
				CLANG_WARN_DOCUMENTATION_COMMENTS = YES;
				CLANG_WARN_EMPTY_BODY = YES;
				CLANG_WARN_ENUM_CONVERSION = YES;
				CLANG_WARN_INFINITE_RECURSION = YES;
				CLANG_WARN_INT_CONVERSION = YES;
				CLANG_WARN_NON_LITERAL_NULL_CONVERSION = YES;
				CLANG_WARN_OBJC_LITERAL_CONVERSION = YES;
				CLANG_WARN_OBJC_ROOT_CLASS = YES_ERROR;
				CLANG_WARN_RANGE_LOOP_ANALYSIS = YES;
				CLANG_WARN_STRICT_PROTOTYPES = YES;
				CLANG_WARN_SUSPICIOUS_MOVE = YES;
				CLANG_WARN_UNGUARDED_AVAILABILITY = YES_AGGRESSIVE;
				CLANG_WARN_UNREACHABLE_CODE = YES;
				CLANG_WARN__DUPLICATE_METHOD_MATCH = YES;
				CODE_SIGN_IDENTITY = "iPhone Developer";
				COPY_PHASE_STRIP = NO;
				DEBUG_INFORMATION_FORMAT = "dwarf-with-dsym";
				ENABLE_NS_ASSERTIONS = NO;
				ENABLE_STRICT_OBJC_MSGSEND = YES;
				GCC_C_LANGUAGE_STANDARD = gnu11;
				GCC_NO_COMMON_BLOCKS = YES;
				GCC_WARN_64_TO_32_BIT_CONVERSION = YES;
				GCC_WARN_ABOUT_RETURN_TYPE = YES_ERROR;
				GCC_WARN_UNDECLARED_SELECTOR = YES;
				GCC_WARN_UNINITIALIZED_AUTOS = YES_AGGRESSIVE;
				GCC_WARN_UNUSED_FUNCTION = YES;
				GCC_WARN_UNUSED_VARIABLE = YES;
				IPHONEOS_DEPLOYMENT_TARGET = 11.0;
				MTL_ENABLE_DEBUG_INFO = NO;
				SDKROOT = iphoneos;
				SWIFT_OPTIMIZATION_LEVEL = "-Owholemodule";
				VALIDATE_PRODUCT = YES;
			};
			name = Release;
		};
		C15872221F7B11DE0048001E /* Debug */ = {
			isa = XCBuildConfiguration;
			baseConfigurationReference = 37052BD4911CB361E008A5B2 /* Pods-Twitter_login_demo.debug.xcconfig */;
			buildSettings = {
				ASSETCATALOG_COMPILER_APPICON_NAME = AppIcon;
				CODE_SIGN_STYLE = Automatic;
				DEVELOPMENT_TEAM = Z22Z9X5NEP;
				INFOPLIST_FILE = Twitter_login_demo/Info.plist;
				IPHONEOS_DEPLOYMENT_TARGET = 8.0;
				LD_RUNPATH_SEARCH_PATHS = "$(inherited) @executable_path/Frameworks";
				PRODUCT_BUNDLE_IDENTIFIER = "codepath.Twitter-login-demo";
				PRODUCT_NAME = "$(TARGET_NAME)";
				SWIFT_VERSION = 3.0;
				TARGETED_DEVICE_FAMILY = 1;
			};
			name = Debug;
		};
		C15872231F7B11DE0048001E /* Release */ = {
			isa = XCBuildConfiguration;
			baseConfigurationReference = 47F233A17C275811278400F1 /* Pods-Twitter_login_demo.release.xcconfig */;
			buildSettings = {
				ASSETCATALOG_COMPILER_APPICON_NAME = AppIcon;
				CODE_SIGN_STYLE = Automatic;
				DEVELOPMENT_TEAM = Z22Z9X5NEP;
				INFOPLIST_FILE = Twitter_login_demo/Info.plist;
				IPHONEOS_DEPLOYMENT_TARGET = 8.0;
				LD_RUNPATH_SEARCH_PATHS = "$(inherited) @executable_path/Frameworks";
				PRODUCT_BUNDLE_IDENTIFIER = "codepath.Twitter-login-demo";
				PRODUCT_NAME = "$(TARGET_NAME)";
				SWIFT_VERSION = 3.0;
				TARGETED_DEVICE_FAMILY = 1;
			};
			name = Release;
		};
/* End XCBuildConfiguration section */

/* Begin XCConfigurationList section */
		C158720A1F7B11DE0048001E /* Build configuration list for PBXProject "Twitter_login_demo" */ = {
			isa = XCConfigurationList;
			buildConfigurations = (
				C158721F1F7B11DE0048001E /* Debug */,
				C15872201F7B11DE0048001E /* Release */,
			);
			defaultConfigurationIsVisible = 0;
			defaultConfigurationName = Release;
		};
		C15872211F7B11DE0048001E /* Build configuration list for PBXNativeTarget "Twitter_login_demo" */ = {
			isa = XCConfigurationList;
			buildConfigurations = (
				C15872221F7B11DE0048001E /* Debug */,
				C15872231F7B11DE0048001E /* Release */,
			);
			defaultConfigurationIsVisible = 0;
			defaultConfigurationName = Release;
		};
/* End XCConfigurationList section */
	};
	rootObject = C15872071F7B11DE0048001E /* Project object */;
}
